// !$*UTF8*$!
{
	archiveVersion = 1;
	classes = {
	};
	objectVersion = 56;
	objects = {

/* Begin PBXBuildFile section */
		D6A591F22918EAF800C46A21 /* SpaceJourneyApp.swift in Sources */ = {isa = PBXBuildFile; fileRef = D6A591F12918EAF800C46A21 /* SpaceJourneyApp.swift */; };
		D6A591F42918EAF800C46A21 /* ContentView.swift in Sources */ = {isa = PBXBuildFile; fileRef = D6A591F32918EAF800C46A21 /* ContentView.swift */; };
		D6A591F62918EAFA00C46A21 /* Assets.xcassets in Resources */ = {isa = PBXBuildFile; fileRef = D6A591F52918EAFA00C46A21 /* Assets.xcassets */; };
		D6A591F92918EAFA00C46A21 /* Preview Assets.xcassets in Resources */ = {isa = PBXBuildFile; fileRef = D6A591F82918EAFA00C46A21 /* Preview Assets.xcassets */; };
		D6A592032918EAFB00C46A21 /* SpaceJourneyTests.swift in Sources */ = {isa = PBXBuildFile; fileRef = D6A592022918EAFB00C46A21 /* SpaceJourneyTests.swift */; };
		D6A5920D2918EAFB00C46A21 /* SpaceJourneyUITests.swift in Sources */ = {isa = PBXBuildFile; fileRef = D6A5920C2918EAFB00C46A21 /* SpaceJourneyUITests.swift */; };
		D6A5920F2918EAFB00C46A21 /* SpaceJourneyUITestsLaunchTests.swift in Sources */ = {isa = PBXBuildFile; fileRef = D6A5920E2918EAFB00C46A21 /* SpaceJourneyUITestsLaunchTests.swift */; };
		D6A592202918EC2700C46A21 /* HomeView.swift in Sources */ = {isa = PBXBuildFile; fileRef = D6A5921F2918EC2700C46A21 /* HomeView.swift */; };
		D6A592232918EC3600C46A21 /* HomeViewModel.swift in Sources */ = {isa = PBXBuildFile; fileRef = D6A592222918EC3600C46A21 /* HomeViewModel.swift */; };
		D6A592252918EC4B00C46A21 /* AstronomicalObject.swift in Sources */ = {isa = PBXBuildFile; fileRef = D6A592242918EC4B00C46A21 /* AstronomicalObject.swift */; };
		D6A592272918EC5100C46A21 /* AstronomicalObjectKind.swift in Sources */ = {isa = PBXBuildFile; fileRef = D6A592262918EC5100C46A21 /* AstronomicalObjectKind.swift */; };
		D6A5922B2918EC6900C46A21 /* View+Adds.swift in Sources */ = {isa = PBXBuildFile; fileRef = D6A5922A2918EC6900C46A21 /* View+Adds.swift */; };
		D6A5922D2918EC7200C46A21 /* Double+Adds.swift in Sources */ = {isa = PBXBuildFile; fileRef = D6A5922C2918EC7200C46A21 /* Double+Adds.swift */; };
		D6A592312918EC9E00C46A21 /* CustomCorner.swift in Sources */ = {isa = PBXBuildFile; fileRef = D6A592302918EC9E00C46A21 /* CustomCorner.swift */; };
		D6A592332918ECC800C46A21 /* OffsetKey.swift in Sources */ = {isa = PBXBuildFile; fileRef = D6A592322918ECC800C46A21 /* OffsetKey.swift */; };
		D6A592352918ED6100C46A21 /* ScaledButtonStyle.swift in Sources */ = {isa = PBXBuildFile; fileRef = D6A592342918ED6100C46A21 /* ScaledButtonStyle.swift */; };
		D6A592372918EDB800C46A21 /* AstronomicalObjectView.swift in Sources */ = {isa = PBXBuildFile; fileRef = D6A592362918EDB800C46A21 /* AstronomicalObjectView.swift */; };
/* End PBXBuildFile section */

/* Begin PBXContainerItemProxy section */
		D6A591FF2918EAFB00C46A21 /* PBXContainerItemProxy */ = {
			isa = PBXContainerItemProxy;
			containerPortal = D6A591E62918EAF800C46A21 /* Project object */;
			proxyType = 1;
			remoteGlobalIDString = D6A591ED2918EAF800C46A21;
			remoteInfo = SpaceJourney;
		};
		D6A592092918EAFB00C46A21 /* PBXContainerItemProxy */ = {
			isa = PBXContainerItemProxy;
			containerPortal = D6A591E62918EAF800C46A21 /* Project object */;
			proxyType = 1;
			remoteGlobalIDString = D6A591ED2918EAF800C46A21;
			remoteInfo = SpaceJourney;
		};
/* End PBXContainerItemProxy section */

/* Begin PBXFileReference section */
		D6A591EE2918EAF800C46A21 /* SpaceJourney.app */ = {isa = PBXFileReference; explicitFileType = wrapper.application; includeInIndex = 0; path = SpaceJourney.app; sourceTree = BUILT_PRODUCTS_DIR; };
		D6A591F12918EAF800C46A21 /* SpaceJourneyApp.swift */ = {isa = PBXFileReference; lastKnownFileType = sourcecode.swift; path = SpaceJourneyApp.swift; sourceTree = "<group>"; };
		D6A591F32918EAF800C46A21 /* ContentView.swift */ = {isa = PBXFileReference; lastKnownFileType = sourcecode.swift; path = ContentView.swift; sourceTree = "<group>"; };
		D6A591F52918EAFA00C46A21 /* Assets.xcassets */ = {isa = PBXFileReference; lastKnownFileType = folder.assetcatalog; path = Assets.xcassets; sourceTree = "<group>"; };
		D6A591F82918EAFA00C46A21 /* Preview Assets.xcassets */ = {isa = PBXFileReference; lastKnownFileType = folder.assetcatalog; path = "Preview Assets.xcassets"; sourceTree = "<group>"; };
		D6A591FE2918EAFB00C46A21 /* SpaceJourneyTests.xctest */ = {isa = PBXFileReference; explicitFileType = wrapper.cfbundle; includeInIndex = 0; path = SpaceJourneyTests.xctest; sourceTree = BUILT_PRODUCTS_DIR; };
		D6A592022918EAFB00C46A21 /* SpaceJourneyTests.swift */ = {isa = PBXFileReference; lastKnownFileType = sourcecode.swift; path = SpaceJourneyTests.swift; sourceTree = "<group>"; };
		D6A592082918EAFB00C46A21 /* SpaceJourneyUITests.xctest */ = {isa = PBXFileReference; explicitFileType = wrapper.cfbundle; includeInIndex = 0; path = SpaceJourneyUITests.xctest; sourceTree = BUILT_PRODUCTS_DIR; };
		D6A5920C2918EAFB00C46A21 /* SpaceJourneyUITests.swift */ = {isa = PBXFileReference; lastKnownFileType = sourcecode.swift; path = SpaceJourneyUITests.swift; sourceTree = "<group>"; };
		D6A5920E2918EAFB00C46A21 /* SpaceJourneyUITestsLaunchTests.swift */ = {isa = PBXFileReference; lastKnownFileType = sourcecode.swift; path = SpaceJourneyUITestsLaunchTests.swift; sourceTree = "<group>"; };
		D6A5921F2918EC2700C46A21 /* HomeView.swift */ = {isa = PBXFileReference; lastKnownFileType = sourcecode.swift; path = HomeView.swift; sourceTree = "<group>"; };
		D6A592222918EC3600C46A21 /* HomeViewModel.swift */ = {isa = PBXFileReference; lastKnownFileType = sourcecode.swift; path = HomeViewModel.swift; sourceTree = "<group>"; };
		D6A592242918EC4B00C46A21 /* AstronomicalObject.swift */ = {isa = PBXFileReference; lastKnownFileType = sourcecode.swift; path = AstronomicalObject.swift; sourceTree = "<group>"; };
		D6A592262918EC5100C46A21 /* AstronomicalObjectKind.swift */ = {isa = PBXFileReference; lastKnownFileType = sourcecode.swift; path = AstronomicalObjectKind.swift; sourceTree = "<group>"; };
		D6A5922A2918EC6900C46A21 /* View+Adds.swift */ = {isa = PBXFileReference; lastKnownFileType = sourcecode.swift; path = "View+Adds.swift"; sourceTree = "<group>"; };
		D6A5922C2918EC7200C46A21 /* Double+Adds.swift */ = {isa = PBXFileReference; lastKnownFileType = sourcecode.swift; path = "Double+Adds.swift"; sourceTree = "<group>"; };
		D6A592302918EC9E00C46A21 /* CustomCorner.swift */ = {isa = PBXFileReference; lastKnownFileType = sourcecode.swift; path = CustomCorner.swift; sourceTree = "<group>"; };
		D6A592322918ECC800C46A21 /* OffsetKey.swift */ = {isa = PBXFileReference; lastKnownFileType = sourcecode.swift; path = OffsetKey.swift; sourceTree = "<group>"; };
		D6A592342918ED6100C46A21 /* ScaledButtonStyle.swift */ = {isa = PBXFileReference; lastKnownFileType = sourcecode.swift; path = ScaledButtonStyle.swift; sourceTree = "<group>"; };
		D6A592362918EDB800C46A21 /* AstronomicalObjectView.swift */ = {isa = PBXFileReference; lastKnownFileType = sourcecode.swift; path = AstronomicalObjectView.swift; sourceTree = "<group>"; };
/* End PBXFileReference section */

/* Begin PBXFrameworksBuildPhase section */
		D6A591EB2918EAF800C46A21 /* Frameworks */ = {
			isa = PBXFrameworksBuildPhase;
			buildActionMask = 2147483647;
			files = (
			);
			runOnlyForDeploymentPostprocessing = 0;
		};
		D6A591FB2918EAFB00C46A21 /* Frameworks */ = {
			isa = PBXFrameworksBuildPhase;
			buildActionMask = 2147483647;
			files = (
			);
			runOnlyForDeploymentPostprocessing = 0;
		};
		D6A592052918EAFB00C46A21 /* Frameworks */ = {
			isa = PBXFrameworksBuildPhase;
			buildActionMask = 2147483647;
			files = (
			);
			runOnlyForDeploymentPostprocessing = 0;
		};
/* End PBXFrameworksBuildPhase section */

/* Begin PBXGroup section */
		D6A591E52918EAF800C46A21 = {
			isa = PBXGroup;
			children = (
				D6A591F02918EAF800C46A21 /* SpaceJourney */,
				D6A592012918EAFB00C46A21 /* SpaceJourneyTests */,
				D6A5920B2918EAFB00C46A21 /* SpaceJourneyUITests */,
				D6A591EF2918EAF800C46A21 /* Products */,
			);
			sourceTree = "<group>";
		};
		D6A591EF2918EAF800C46A21 /* Products */ = {
			isa = PBXGroup;
			children = (
				D6A591EE2918EAF800C46A21 /* SpaceJourney.app */,
				D6A591FE2918EAFB00C46A21 /* SpaceJourneyTests.xctest */,
				D6A592082918EAFB00C46A21 /* SpaceJourneyUITests.xctest */,
			);
			name = Products;
			sourceTree = "<group>";
		};
		D6A591F02918EAF800C46A21 /* SpaceJourney */ = {
			isa = PBXGroup;
			children = (
				D6A592282918EC5700C46A21 /* Shared */,
				D6A5921B2918EBFA00C46A21 /* Home */,
				D6A591F12918EAF800C46A21 /* SpaceJourneyApp.swift */,
				D6A591F32918EAF800C46A21 /* ContentView.swift */,
				D6A591F52918EAFA00C46A21 /* Assets.xcassets */,
				D6A591F72918EAFA00C46A21 /* Preview Content */,
			);
			path = SpaceJourney;
			sourceTree = "<group>";
		};
		D6A591F72918EAFA00C46A21 /* Preview Content */ = {
			isa = PBXGroup;
			children = (
				D6A591F82918EAFA00C46A21 /* Preview Assets.xcassets */,
			);
			path = "Preview Content";
			sourceTree = "<group>";
		};
		D6A592012918EAFB00C46A21 /* SpaceJourneyTests */ = {
			isa = PBXGroup;
			children = (
				D6A592022918EAFB00C46A21 /* SpaceJourneyTests.swift */,
			);
			path = SpaceJourneyTests;
			sourceTree = "<group>";
		};
		D6A5920B2918EAFB00C46A21 /* SpaceJourneyUITests */ = {
			isa = PBXGroup;
			children = (
				D6A5920C2918EAFB00C46A21 /* SpaceJourneyUITests.swift */,
				D6A5920E2918EAFB00C46A21 /* SpaceJourneyUITestsLaunchTests.swift */,
			);
			path = SpaceJourneyUITests;
			sourceTree = "<group>";
		};
		D6A5921B2918EBFA00C46A21 /* Home */ = {
			isa = PBXGroup;
			children = (
				D6A5921E2918EC1000C46A21 /* View */,
				D6A5921D2918EC0A00C46A21 /* ViewModel */,
				D6A5921C2918EC0000C46A21 /* Models */,
			);
			path = Home;
			sourceTree = "<group>";
		};
		D6A5921C2918EC0000C46A21 /* Models */ = {
			isa = PBXGroup;
			children = (
				D6A592242918EC4B00C46A21 /* AstronomicalObject.swift */,
				D6A592262918EC5100C46A21 /* AstronomicalObjectKind.swift */,
			);
			path = Models;
			sourceTree = "<group>";
		};
		D6A5921D2918EC0A00C46A21 /* ViewModel */ = {
			isa = PBXGroup;
			children = (
				D6A592222918EC3600C46A21 /* HomeViewModel.swift */,
			);
			path = ViewModel;
			sourceTree = "<group>";
		};
		D6A5921E2918EC1000C46A21 /* View */ = {
			isa = PBXGroup;
			children = (
				D6A5921F2918EC2700C46A21 /* HomeView.swift */,
				D6A592362918EDB800C46A21 /* AstronomicalObjectView.swift */,
			);
			path = View;
			sourceTree = "<group>";
		};
		D6A592282918EC5700C46A21 /* Shared */ = {
			isa = PBXGroup;
			children = (
				D6A5922F2918EC9700C46A21 /* Models */,
				D6A592292918EC5C00C46A21 /* Extensions */,
			);
			path = Shared;
			sourceTree = "<group>";
		};
		D6A592292918EC5C00C46A21 /* Extensions */ = {
			isa = PBXGroup;
			children = (
				D6A5922A2918EC6900C46A21 /* View+Adds.swift */,
				D6A5922C2918EC7200C46A21 /* Double+Adds.swift */,
			);
			path = Extensions;
			sourceTree = "<group>";
		};
		D6A5922F2918EC9700C46A21 /* Models */ = {
			isa = PBXGroup;
			children = (
				D6A592302918EC9E00C46A21 /* CustomCorner.swift */,
				D6A592322918ECC800C46A21 /* OffsetKey.swift */,
				D6A592342918ED6100C46A21 /* ScaledButtonStyle.swift */,
			);
			path = Models;
			sourceTree = "<group>";
		};
/* End PBXGroup section */

/* Begin PBXNativeTarget section */
		D6A591ED2918EAF800C46A21 /* SpaceJourney */ = {
			isa = PBXNativeTarget;
			buildConfigurationList = D6A592122918EAFB00C46A21 /* Build configuration list for PBXNativeTarget "SpaceJourney" */;
			buildPhases = (
				D6A591EA2918EAF800C46A21 /* Sources */,
				D6A591EB2918EAF800C46A21 /* Frameworks */,
				D6A591EC2918EAF800C46A21 /* Resources */,
			);
			buildRules = (
			);
			dependencies = (
			);
			name = SpaceJourney;
			productName = SpaceJourney;
			productReference = D6A591EE2918EAF800C46A21 /* SpaceJourney.app */;
			productType = "com.apple.product-type.application";
		};
		D6A591FD2918EAFB00C46A21 /* SpaceJourneyTests */ = {
			isa = PBXNativeTarget;
			buildConfigurationList = D6A592152918EAFB00C46A21 /* Build configuration list for PBXNativeTarget "SpaceJourneyTests" */;
			buildPhases = (
				D6A591FA2918EAFB00C46A21 /* Sources */,
				D6A591FB2918EAFB00C46A21 /* Frameworks */,
				D6A591FC2918EAFB00C46A21 /* Resources */,
			);
			buildRules = (
			);
			dependencies = (
				D6A592002918EAFB00C46A21 /* PBXTargetDependency */,
			);
			name = SpaceJourneyTests;
			productName = SpaceJourneyTests;
			productReference = D6A591FE2918EAFB00C46A21 /* SpaceJourneyTests.xctest */;
			productType = "com.apple.product-type.bundle.unit-test";
		};
		D6A592072918EAFB00C46A21 /* SpaceJourneyUITests */ = {
			isa = PBXNativeTarget;
			buildConfigurationList = D6A592182918EAFB00C46A21 /* Build configuration list for PBXNativeTarget "SpaceJourneyUITests" */;
			buildPhases = (
				D6A592042918EAFB00C46A21 /* Sources */,
				D6A592052918EAFB00C46A21 /* Frameworks */,
				D6A592062918EAFB00C46A21 /* Resources */,
			);
			buildRules = (
			);
			dependencies = (
				D6A5920A2918EAFB00C46A21 /* PBXTargetDependency */,
			);
			name = SpaceJourneyUITests;
			productName = SpaceJourneyUITests;
			productReference = D6A592082918EAFB00C46A21 /* SpaceJourneyUITests.xctest */;
			productType = "com.apple.product-type.bundle.ui-testing";
		};
/* End PBXNativeTarget section */

/* Begin PBXProject section */
		D6A591E62918EAF800C46A21 /* Project object */ = {
			isa = PBXProject;
			attributes = {
				BuildIndependentTargetsInParallel = 1;
				LastSwiftUpdateCheck = 1400;
				LastUpgradeCheck = 1400;
				TargetAttributes = {
					D6A591ED2918EAF800C46A21 = {
						CreatedOnToolsVersion = 14.0.1;
					};
					D6A591FD2918EAFB00C46A21 = {
						CreatedOnToolsVersion = 14.0.1;
						TestTargetID = D6A591ED2918EAF800C46A21;
					};
					D6A592072918EAFB00C46A21 = {
						CreatedOnToolsVersion = 14.0.1;
						TestTargetID = D6A591ED2918EAF800C46A21;
					};
				};
			};
			buildConfigurationList = D6A591E92918EAF800C46A21 /* Build configuration list for PBXProject "SpaceJourney" */;
			compatibilityVersion = "Xcode 14.0";
			developmentRegion = en;
			hasScannedForEncodings = 0;
			knownRegions = (
				en,
				Base,
			);
			mainGroup = D6A591E52918EAF800C46A21;
			productRefGroup = D6A591EF2918EAF800C46A21 /* Products */;
			projectDirPath = "";
			projectRoot = "";
			targets = (
				D6A591ED2918EAF800C46A21 /* SpaceJourney */,
				D6A591FD2918EAFB00C46A21 /* SpaceJourneyTests */,
				D6A592072918EAFB00C46A21 /* SpaceJourneyUITests */,
			);
		};
/* End PBXProject section */

/* Begin PBXResourcesBuildPhase section */
		D6A591EC2918EAF800C46A21 /* Resources */ = {
			isa = PBXResourcesBuildPhase;
			buildActionMask = 2147483647;
			files = (
				D6A591F92918EAFA00C46A21 /* Preview Assets.xcassets in Resources */,
				D6A591F62918EAFA00C46A21 /* Assets.xcassets in Resources */,
			);
			runOnlyForDeploymentPostprocessing = 0;
		};
		D6A591FC2918EAFB00C46A21 /* Resources */ = {
			isa = PBXResourcesBuildPhase;
			buildActionMask = 2147483647;
			files = (
			);
			runOnlyForDeploymentPostprocessing = 0;
		};
		D6A592062918EAFB00C46A21 /* Resources */ = {
			isa = PBXResourcesBuildPhase;
			buildActionMask = 2147483647;
			files = (
			);
			runOnlyForDeploymentPostprocessing = 0;
		};
/* End PBXResourcesBuildPhase section */

/* Begin PBXSourcesBuildPhase section */
		D6A591EA2918EAF800C46A21 /* Sources */ = {
			isa = PBXSourcesBuildPhase;
			buildActionMask = 2147483647;
			files = (
				D6A592202918EC2700C46A21 /* HomeView.swift in Sources */,
				D6A591F42918EAF800C46A21 /* ContentView.swift in Sources */,
				D6A592272918EC5100C46A21 /* AstronomicalObjectKind.swift in Sources */,
				D6A592312918EC9E00C46A21 /* CustomCorner.swift in Sources */,
				D6A5922B2918EC6900C46A21 /* View+Adds.swift in Sources */,
				D6A592372918EDB800C46A21 /* AstronomicalObjectView.swift in Sources */,
				D6A591F22918EAF800C46A21 /* SpaceJourneyApp.swift in Sources */,
				D6A592332918ECC800C46A21 /* OffsetKey.swift in Sources */,
				D6A592232918EC3600C46A21 /* HomeViewModel.swift in Sources */,
				D6A5922D2918EC7200C46A21 /* Double+Adds.swift in Sources */,
				D6A592252918EC4B00C46A21 /* AstronomicalObject.swift in Sources */,
				D6A592352918ED6100C46A21 /* ScaledButtonStyle.swift in Sources */,
			);
			runOnlyForDeploymentPostprocessing = 0;
		};
		D6A591FA2918EAFB00C46A21 /* Sources */ = {
			isa = PBXSourcesBuildPhase;
			buildActionMask = 2147483647;
			files = (
				D6A592032918EAFB00C46A21 /* SpaceJourneyTests.swift in Sources */,
			);
			runOnlyForDeploymentPostprocessing = 0;
		};
		D6A592042918EAFB00C46A21 /* Sources */ = {
			isa = PBXSourcesBuildPhase;
			buildActionMask = 2147483647;
			files = (
				D6A5920F2918EAFB00C46A21 /* SpaceJourneyUITestsLaunchTests.swift in Sources */,
				D6A5920D2918EAFB00C46A21 /* SpaceJourneyUITests.swift in Sources */,
			);
			runOnlyForDeploymentPostprocessing = 0;
		};
/* End PBXSourcesBuildPhase section */

/* Begin PBXTargetDependency section */
		D6A592002918EAFB00C46A21 /* PBXTargetDependency */ = {
			isa = PBXTargetDependency;
			target = D6A591ED2918EAF800C46A21 /* SpaceJourney */;
			targetProxy = D6A591FF2918EAFB00C46A21 /* PBXContainerItemProxy */;
		};
		D6A5920A2918EAFB00C46A21 /* PBXTargetDependency */ = {
			isa = PBXTargetDependency;
			target = D6A591ED2918EAF800C46A21 /* SpaceJourney */;
			targetProxy = D6A592092918EAFB00C46A21 /* PBXContainerItemProxy */;
		};
/* End PBXTargetDependency section */

/* Begin XCBuildConfiguration section */
		D6A592102918EAFB00C46A21 /* Debug */ = {
			isa = XCBuildConfiguration;
			buildSettings = {
				ALWAYS_SEARCH_USER_PATHS = NO;
				CLANG_ANALYZER_NONNULL = YES;
				CLANG_ANALYZER_NUMBER_OBJECT_CONVERSION = YES_AGGRESSIVE;
				CLANG_CXX_LANGUAGE_STANDARD = "gnu++20";
				CLANG_ENABLE_MODULES = YES;
				CLANG_ENABLE_OBJC_ARC = YES;
				CLANG_ENABLE_OBJC_WEAK = YES;
				CLANG_WARN_BLOCK_CAPTURE_AUTORELEASING = YES;
				CLANG_WARN_BOOL_CONVERSION = YES;
				CLANG_WARN_COMMA = YES;
				CLANG_WARN_CONSTANT_CONVERSION = YES;
				CLANG_WARN_DEPRECATED_OBJC_IMPLEMENTATIONS = YES;
				CLANG_WARN_DIRECT_OBJC_ISA_USAGE = YES_ERROR;
				CLANG_WARN_DOCUMENTATION_COMMENTS = YES;
				CLANG_WARN_EMPTY_BODY = YES;
				CLANG_WARN_ENUM_CONVERSION = YES;
				CLANG_WARN_INFINITE_RECURSION = YES;
				CLANG_WARN_INT_CONVERSION = YES;
				CLANG_WARN_NON_LITERAL_NULL_CONVERSION = YES;
				CLANG_WARN_OBJC_IMPLICIT_RETAIN_SELF = YES;
				CLANG_WARN_OBJC_LITERAL_CONVERSION = YES;
				CLANG_WARN_OBJC_ROOT_CLASS = YES_ERROR;
				CLANG_WARN_QUOTED_INCLUDE_IN_FRAMEWORK_HEADER = YES;
				CLANG_WARN_RANGE_LOOP_ANALYSIS = YES;
				CLANG_WARN_STRICT_PROTOTYPES = YES;
				CLANG_WARN_SUSPICIOUS_MOVE = YES;
				CLANG_WARN_UNGUARDED_AVAILABILITY = YES_AGGRESSIVE;
				CLANG_WARN_UNREACHABLE_CODE = YES;
				CLANG_WARN__DUPLICATE_METHOD_MATCH = YES;
				COPY_PHASE_STRIP = NO;
				DEBUG_INFORMATION_FORMAT = dwarf;
				ENABLE_STRICT_OBJC_MSGSEND = YES;
				ENABLE_TESTABILITY = YES;
				GCC_C_LANGUAGE_STANDARD = gnu11;
				GCC_DYNAMIC_NO_PIC = NO;
				GCC_NO_COMMON_BLOCKS = YES;
				GCC_OPTIMIZATION_LEVEL = 0;
				GCC_PREPROCESSOR_DEFINITIONS = (
					"DEBUG=1",
					"$(inherited)",
				);
				GCC_WARN_64_TO_32_BIT_CONVERSION = YES;
				GCC_WARN_ABOUT_RETURN_TYPE = YES_ERROR;
				GCC_WARN_UNDECLARED_SELECTOR = YES;
				GCC_WARN_UNINITIALIZED_AUTOS = YES_AGGRESSIVE;
				GCC_WARN_UNUSED_FUNCTION = YES;
				GCC_WARN_UNUSED_VARIABLE = YES;
				IPHONEOS_DEPLOYMENT_TARGET = 16.0;
				MTL_ENABLE_DEBUG_INFO = INCLUDE_SOURCE;
				MTL_FAST_MATH = YES;
				ONLY_ACTIVE_ARCH = YES;
				SDKROOT = iphoneos;
				SWIFT_ACTIVE_COMPILATION_CONDITIONS = DEBUG;
				SWIFT_OPTIMIZATION_LEVEL = "-Onone";
			};
			name = Debug;
		};
		D6A592112918EAFB00C46A21 /* Release */ = {
			isa = XCBuildConfiguration;
			buildSettings = {
				ALWAYS_SEARCH_USER_PATHS = NO;
				CLANG_ANALYZER_NONNULL = YES;
				CLANG_ANALYZER_NUMBER_OBJECT_CONVERSION = YES_AGGRESSIVE;
				CLANG_CXX_LANGUAGE_STANDARD = "gnu++20";
				CLANG_ENABLE_MODULES = YES;
				CLANG_ENABLE_OBJC_ARC = YES;
				CLANG_ENABLE_OBJC_WEAK = YES;
				CLANG_WARN_BLOCK_CAPTURE_AUTORELEASING = YES;
				CLANG_WARN_BOOL_CONVERSION = YES;
				CLANG_WARN_COMMA = YES;
				CLANG_WARN_CONSTANT_CONVERSION = YES;
				CLANG_WARN_DEPRECATED_OBJC_IMPLEMENTATIONS = YES;
				CLANG_WARN_DIRECT_OBJC_ISA_USAGE = YES_ERROR;
				CLANG_WARN_DOCUMENTATION_COMMENTS = YES;
				CLANG_WARN_EMPTY_BODY = YES;
				CLANG_WARN_ENUM_CONVERSION = YES;
				CLANG_WARN_INFINITE_RECURSION = YES;
				CLANG_WARN_INT_CONVERSION = YES;
				CLANG_WARN_NON_LITERAL_NULL_CONVERSION = YES;
				CLANG_WARN_OBJC_IMPLICIT_RETAIN_SELF = YES;
				CLANG_WARN_OBJC_LITERAL_CONVERSION = YES;
				CLANG_WARN_OBJC_ROOT_CLASS = YES_ERROR;
				CLANG_WARN_QUOTED_INCLUDE_IN_FRAMEWORK_HEADER = YES;
				CLANG_WARN_RANGE_LOOP_ANALYSIS = YES;
				CLANG_WARN_STRICT_PROTOTYPES = YES;
				CLANG_WARN_SUSPICIOUS_MOVE = YES;
				CLANG_WARN_UNGUARDED_AVAILABILITY = YES_AGGRESSIVE;
				CLANG_WARN_UNREACHABLE_CODE = YES;
				CLANG_WARN__DUPLICATE_METHOD_MATCH = YES;
				COPY_PHASE_STRIP = NO;
				DEBUG_INFORMATION_FORMAT = "dwarf-with-dsym";
				ENABLE_NS_ASSERTIONS = NO;
				ENABLE_STRICT_OBJC_MSGSEND = YES;
				GCC_C_LANGUAGE_STANDARD = gnu11;
				GCC_NO_COMMON_BLOCKS = YES;
				GCC_WARN_64_TO_32_BIT_CONVERSION = YES;
				GCC_WARN_ABOUT_RETURN_TYPE = YES_ERROR;
				GCC_WARN_UNDECLARED_SELECTOR = YES;
				GCC_WARN_UNINITIALIZED_AUTOS = YES_AGGRESSIVE;
				GCC_WARN_UNUSED_FUNCTION = YES;
				GCC_WARN_UNUSED_VARIABLE = YES;
				IPHONEOS_DEPLOYMENT_TARGET = 16.0;
				MTL_ENABLE_DEBUG_INFO = NO;
				MTL_FAST_MATH = YES;
				SDKROOT = iphoneos;
				SWIFT_COMPILATION_MODE = wholemodule;
				SWIFT_OPTIMIZATION_LEVEL = "-O";
				VALIDATE_PRODUCT = YES;
			};
			name = Release;
		};
		D6A592132918EAFB00C46A21 /* Debug */ = {
			isa = XCBuildConfiguration;
			buildSettings = {
				ASSETCATALOG_COMPILER_APPICON_NAME = AppIcon;
				ASSETCATALOG_COMPILER_GLOBAL_ACCENT_COLOR_NAME = AccentColor;
				CODE_SIGN_STYLE = Automatic;
				CURRENT_PROJECT_VERSION = 1;
				DEVELOPMENT_ASSET_PATHS = "\"SpaceJourney/Preview Content\"";
				DEVELOPMENT_TEAM = GWLC7B32AQ;
				ENABLE_PREVIEWS = YES;
				GENERATE_INFOPLIST_FILE = YES;
				INFOPLIST_KEY_UIApplicationSceneManifest_Generation = YES;
				INFOPLIST_KEY_UIApplicationSupportsIndirectInputEvents = YES;
				INFOPLIST_KEY_UILaunchScreen_Generation = YES;
				INFOPLIST_KEY_UISupportedInterfaceOrientations_iPad = "UIInterfaceOrientationPortrait UIInterfaceOrientationPortraitUpsideDown UIInterfaceOrientationLandscapeLeft UIInterfaceOrientationLandscapeRight";
				INFOPLIST_KEY_UISupportedInterfaceOrientations_iPhone = "UIInterfaceOrientationPortrait UIInterfaceOrientationLandscapeLeft UIInterfaceOrientationLandscapeRight";
				LD_RUNPATH_SEARCH_PATHS = (
					"$(inherited)",
					"@executable_path/Frameworks",
				);
				MARKETING_VERSION = 1.0;
				PRODUCT_BUNDLE_IDENTIFIER = com.livsy.SpaceJourney;
				PRODUCT_NAME = "$(TARGET_NAME)";
				SWIFT_EMIT_LOC_STRINGS = YES;
				SWIFT_VERSION = 5.0;
				TARGETED_DEVICE_FAMILY = "1,2";
			};
			name = Debug;
		};
		D6A592142918EAFB00C46A21 /* Release */ = {
			isa = XCBuildConfiguration;
			buildSettings = {
				ASSETCATALOG_COMPILER_APPICON_NAME = AppIcon;
				ASSETCATALOG_COMPILER_GLOBAL_ACCENT_COLOR_NAME = AccentColor;
				CODE_SIGN_STYLE = Automatic;
				CURRENT_PROJECT_VERSION = 1;
				DEVELOPMENT_ASSET_PATHS = "\"SpaceJourney/Preview Content\"";
				DEVELOPMENT_TEAM = GWLC7B32AQ;
				ENABLE_PREVIEWS = YES;
				GENERATE_INFOPLIST_FILE = YES;
				INFOPLIST_KEY_UIApplicationSceneManifest_Generation = YES;
				INFOPLIST_KEY_UIApplicationSupportsIndirectInputEvents = YES;
				INFOPLIST_KEY_UILaunchScreen_Generation = YES;
				INFOPLIST_KEY_UISupportedInterfaceOrientations_iPad = "UIInterfaceOrientationPortrait UIInterfaceOrientationPortraitUpsideDown UIInterfaceOrientationLandscapeLeft UIInterfaceOrientationLandscapeRight";
				INFOPLIST_KEY_UISupportedInterfaceOrientations_iPhone = "UIInterfaceOrientationPortrait UIInterfaceOrientationLandscapeLeft UIInterfaceOrientationLandscapeRight";
				LD_RUNPATH_SEARCH_PATHS = (
					"$(inherited)",
					"@executable_path/Frameworks",
				);
				MARKETING_VERSION = 1.0;
				PRODUCT_BUNDLE_IDENTIFIER = com.livsy.SpaceJourney;
				PRODUCT_NAME = "$(TARGET_NAME)";
				SWIFT_EMIT_LOC_STRINGS = YES;
				SWIFT_VERSION = 5.0;
				TARGETED_DEVICE_FAMILY = "1,2";
			};
			name = Release;
		};
		D6A592162918EAFB00C46A21 /* Debug */ = {
			isa = XCBuildConfiguration;
			buildSettings = {
				ALWAYS_EMBED_SWIFT_STANDARD_LIBRARIES = YES;
				BUNDLE_LOADER = "$(TEST_HOST)";
				CODE_SIGN_STYLE = Automatic;
				CURRENT_PROJECT_VERSION = 1;
				DEVELOPMENT_TEAM = GWLC7B32AQ;
				GENERATE_INFOPLIST_FILE = YES;
				IPHONEOS_DEPLOYMENT_TARGET = 16.0;
				MARKETING_VERSION = 1.0;
				PRODUCT_BUNDLE_IDENTIFIER = com.livsy.SpaceJourneyTests;
				PRODUCT_NAME = "$(TARGET_NAME)";
				SWIFT_EMIT_LOC_STRINGS = NO;
				SWIFT_VERSION = 5.0;
				TARGETED_DEVICE_FAMILY = "1,2";
				TEST_HOST = "$(BUILT_PRODUCTS_DIR)/SpaceJourney.app/$(BUNDLE_EXECUTABLE_FOLDER_PATH)/SpaceJourney";
			};
			name = Debug;
		};
		D6A592172918EAFB00C46A21 /* Release */ = {
			isa = XCBuildConfiguration;
			buildSettings = {
				ALWAYS_EMBED_SWIFT_STANDARD_LIBRARIES = YES;
				BUNDLE_LOADER = "$(TEST_HOST)";
				CODE_SIGN_STYLE = Automatic;
				CURRENT_PROJECT_VERSION = 1;
				DEVELOPMENT_TEAM = GWLC7B32AQ;
				GENERATE_INFOPLIST_FILE = YES;
				IPHONEOS_DEPLOYMENT_TARGET = 16.0;
				MARKETING_VERSION = 1.0;
				PRODUCT_BUNDLE_IDENTIFIER = com.livsy.SpaceJourneyTests;
				PRODUCT_NAME = "$(TARGET_NAME)";
				SWIFT_EMIT_LOC_STRINGS = NO;
				SWIFT_VERSION = 5.0;
				TARGETED_DEVICE_FAMILY = "1,2";
				TEST_HOST = "$(BUILT_PRODUCTS_DIR)/SpaceJourney.app/$(BUNDLE_EXECUTABLE_FOLDER_PATH)/SpaceJourney";
			};
			name = Release;
		};
		D6A592192918EAFB00C46A21 /* Debug */ = {
			isa = XCBuildConfiguration;
			buildSettings = {
				ALWAYS_EMBED_SWIFT_STANDARD_LIBRARIES = YES;
				CODE_SIGN_STYLE = Automatic;
				CURRENT_PROJECT_VERSION = 1;
				DEVELOPMENT_TEAM = GWLC7B32AQ;
				GENERATE_INFOPLIST_FILE = YES;
				MARKETING_VERSION = 1.0;
				PRODUCT_BUNDLE_IDENTIFIER = com.livsy.SpaceJourneyUITests;
				PRODUCT_NAME = "$(TARGET_NAME)";
				SWIFT_EMIT_LOC_STRINGS = NO;
				SWIFT_VERSION = 5.0;
				TARGETED_DEVICE_FAMILY = "1,2";
				TEST_TARGET_NAME = SpaceJourney;
			};
			name = Debug;
		};
		D6A5921A2918EAFB00C46A21 /* Release */ = {
			isa = XCBuildConfiguration;
			buildSettings = {
				ALWAYS_EMBED_SWIFT_STANDARD_LIBRARIES = YES;
				CODE_SIGN_STYLE = Automatic;
				CURRENT_PROJECT_VERSION = 1;
				DEVELOPMENT_TEAM = GWLC7B32AQ;
				GENERATE_INFOPLIST_FILE = YES;
				MARKETING_VERSION = 1.0;
				PRODUCT_BUNDLE_IDENTIFIER = com.livsy.SpaceJourneyUITests;
				PRODUCT_NAME = "$(TARGET_NAME)";
				SWIFT_EMIT_LOC_STRINGS = NO;
				SWIFT_VERSION = 5.0;
				TARGETED_DEVICE_FAMILY = "1,2";
				TEST_TARGET_NAME = SpaceJourney;
			};
			name = Release;
		};
/* End XCBuildConfiguration section */

/* Begin XCConfigurationList section */
		D6A591E92918EAF800C46A21 /* Build configuration list for PBXProject "SpaceJourney" */ = {
			isa = XCConfigurationList;
			buildConfigurations = (
				D6A592102918EAFB00C46A21 /* Debug */,
				D6A592112918EAFB00C46A21 /* Release */,
			);
			defaultConfigurationIsVisible = 0;
			defaultConfigurationName = Release;
		};
		D6A592122918EAFB00C46A21 /* Build configuration list for PBXNativeTarget "SpaceJourney" */ = {
			isa = XCConfigurationList;
			buildConfigurations = (
				D6A592132918EAFB00C46A21 /* Debug */,
				D6A592142918EAFB00C46A21 /* Release */,
			);
			defaultConfigurationIsVisible = 0;
			defaultConfigurationName = Release;
		};
		D6A592152918EAFB00C46A21 /* Build configuration list for PBXNativeTarget "SpaceJourneyTests" */ = {
			isa = XCConfigurationList;
			buildConfigurations = (
				D6A592162918EAFB00C46A21 /* Debug */,
				D6A592172918EAFB00C46A21 /* Release */,
			);
			defaultConfigurationIsVisible = 0;
			defaultConfigurationName = Release;
		};
		D6A592182918EAFB00C46A21 /* Build configuration list for PBXNativeTarget "SpaceJourneyUITests" */ = {
			isa = XCConfigurationList;
			buildConfigurations = (
				D6A592192918EAFB00C46A21 /* Debug */,
				D6A5921A2918EAFB00C46A21 /* Release */,
			);
			defaultConfigurationIsVisible = 0;
			defaultConfigurationName = Release;
		};
/* End XCConfigurationList section */
	};
	rootObject = D6A591E62918EAF800C46A21 /* Project object */;
}
